// !$*UTF8*$!
{
	archiveVersion = 1;
	classes = {
	};
	objectVersion = 56;
	objects = {

/* Begin PBXBuildFile section */
		80D1FE182C85CCA0002D52DB /* ReqresAppApp.swift in Sources */ = {isa = PBXBuildFile; fileRef = 80D1FE172C85CCA0002D52DB /* ReqresAppApp.swift */; };
		80D1FE1C2C85CCA2002D52DB /* Assets.xcassets in Resources */ = {isa = PBXBuildFile; fileRef = 80D1FE1B2C85CCA2002D52DB /* Assets.xcassets */; };
		80D1FE1F2C85CCA2002D52DB /* Preview Assets.xcassets in Resources */ = {isa = PBXBuildFile; fileRef = 80D1FE1E2C85CCA2002D52DB /* Preview Assets.xcassets */; };
		80F94B752C85CFBA00400F81 /* ComposableArchitecture in Frameworks */ = {isa = PBXBuildFile; productRef = 80F94B742C85CFBA00400F81 /* ComposableArchitecture */; };
		80F94B772C85D08000400F81 /* User.swift in Sources */ = {isa = PBXBuildFile; fileRef = 80F94B762C85D08000400F81 /* User.swift */; };
		80F94B792C85D0A200400F81 /* UserReducer.swift in Sources */ = {isa = PBXBuildFile; fileRef = 80F94B782C85D0A200400F81 /* UserReducer.swift */; };
		80F94B7B2C85D0C500400F81 /* UserListView.swift in Sources */ = {isa = PBXBuildFile; fileRef = 80F94B7A2C85D0C500400F81 /* UserListView.swift */; };
		80F94B7D2C85DFDF00400F81 /* ComposableArchitecture in Frameworks */ = {isa = PBXBuildFile; productRef = 80F94B7C2C85DFDF00400F81 /* ComposableArchitecture */; };
		80F94B7F2C85E07000400F81 /* ComposableArchitecture in Frameworks */ = {isa = PBXBuildFile; productRef = 80F94B7E2C85E07000400F81 /* ComposableArchitecture */; };
/* End PBXBuildFile section */

/* Begin PBXFileReference section */
		80D1FE142C85CCA0002D52DB /* ReqresApp.app */ = {isa = PBXFileReference; explicitFileType = wrapper.application; includeInIndex = 0; path = ReqresApp.app; sourceTree = BUILT_PRODUCTS_DIR; };
		80D1FE172C85CCA0002D52DB /* ReqresAppApp.swift */ = {isa = PBXFileReference; lastKnownFileType = sourcecode.swift; path = ReqresAppApp.swift; sourceTree = "<group>"; };
		80D1FE1B2C85CCA2002D52DB /* Assets.xcassets */ = {isa = PBXFileReference; lastKnownFileType = folder.assetcatalog; path = Assets.xcassets; sourceTree = "<group>"; };
		80D1FE1E2C85CCA2002D52DB /* Preview Assets.xcassets */ = {isa = PBXFileReference; lastKnownFileType = folder.assetcatalog; path = "Preview Assets.xcassets"; sourceTree = "<group>"; };
		80F94B762C85D08000400F81 /* User.swift */ = {isa = PBXFileReference; lastKnownFileType = sourcecode.swift; path = User.swift; sourceTree = "<group>"; };
		80F94B782C85D0A200400F81 /* UserReducer.swift */ = {isa = PBXFileReference; lastKnownFileType = sourcecode.swift; path = UserReducer.swift; sourceTree = "<group>"; };
		80F94B7A2C85D0C500400F81 /* UserListView.swift */ = {isa = PBXFileReference; lastKnownFileType = sourcecode.swift; path = UserListView.swift; sourceTree = "<group>"; };
/* End PBXFileReference section */

/* Begin PBXFrameworksBuildPhase section */
		80D1FE112C85CCA0002D52DB /* Frameworks */ = {
			isa = PBXFrameworksBuildPhase;
			buildActionMask = 2147483647;
			files = (
				80F94B7D2C85DFDF00400F81 /* ComposableArchitecture in Frameworks */,
				80F94B752C85CFBA00400F81 /* ComposableArchitecture in Frameworks */,
				80F94B7F2C85E07000400F81 /* ComposableArchitecture in Frameworks */,
			);
			runOnlyForDeploymentPostprocessing = 0;
		};
/* End PBXFrameworksBuildPhase section */

/* Begin PBXGroup section */
		80D1FE0B2C85CCA0002D52DB = {
			isa = PBXGroup;
			children = (
				80D1FE162C85CCA0002D52DB /* ReqresApp */,
				80D1FE152C85CCA0002D52DB /* Products */,
			);
			sourceTree = "<group>";
		};
		80D1FE152C85CCA0002D52DB /* Products */ = {
			isa = PBXGroup;
			children = (
				80D1FE142C85CCA0002D52DB /* ReqresApp.app */,
			);
			name = Products;
			sourceTree = "<group>";
		};
		80D1FE162C85CCA0002D52DB /* ReqresApp */ = {
			isa = PBXGroup;
			children = (
				80D1FE172C85CCA0002D52DB /* ReqresAppApp.swift */,
				80D1FE1B2C85CCA2002D52DB /* Assets.xcassets */,
				80D1FE1D2C85CCA2002D52DB /* Preview Content */,
				80F94B762C85D08000400F81 /* User.swift */,
				80F94B782C85D0A200400F81 /* UserReducer.swift */,
				80F94B7A2C85D0C500400F81 /* UserListView.swift */,
			);
			path = ReqresApp;
			sourceTree = "<group>";
		};
		80D1FE1D2C85CCA2002D52DB /* Preview Content */ = {
			isa = PBXGroup;
			children = (
				80D1FE1E2C85CCA2002D52DB /* Preview Assets.xcassets */,
			);
			path = "Preview Content";
			sourceTree = "<group>";
		};
/* End PBXGroup section */

/* Begin PBXNativeTarget section */
		80D1FE132C85CCA0002D52DB /* ReqresApp */ = {
			isa = PBXNativeTarget;
			buildConfigurationList = 80D1FE222C85CCA2002D52DB /* Build configuration list for PBXNativeTarget "ReqresApp" */;
			buildPhases = (
				80D1FE102C85CCA0002D52DB /* Sources */,
				80D1FE112C85CCA0002D52DB /* Frameworks */,
				80D1FE122C85CCA0002D52DB /* Resources */,
			);
			buildRules = (
			);
			dependencies = (
			);
			name = ReqresApp;
			packageProductDependencies = (
				80F94B742C85CFBA00400F81 /* ComposableArchitecture */,
				80F94B7C2C85DFDF00400F81 /* ComposableArchitecture */,
				80F94B7E2C85E07000400F81 /* ComposableArchitecture */,
			);
			productName = ReqresApp;
			productReference = 80D1FE142C85CCA0002D52DB /* ReqresApp.app */;
			productType = "com.apple.product-type.application";
		};
/* End PBXNativeTarget section */

/* Begin PBXProject section */
		80D1FE0C2C85CCA0002D52DB /* Project object */ = {
			isa = PBXProject;
			attributes = {
				BuildIndependentTargetsInParallel = 1;
				LastSwiftUpdateCheck = 1500;
				LastUpgradeCheck = 1500;
				TargetAttributes = {
					80D1FE132C85CCA0002D52DB = {
						CreatedOnToolsVersion = 15.0;
					};
				};
			};
			buildConfigurationList = 80D1FE0F2C85CCA0002D52DB /* Build configuration list for PBXProject "ReqresApp" */;
			compatibilityVersion = "Xcode 14.0";
			developmentRegion = en;
			hasScannedForEncodings = 0;
			knownRegions = (
				en,
				Base,
			);
			mainGroup = 80D1FE0B2C85CCA0002D52DB;
			packageReferences = (
				80F94B732C85CFB900400F81 /* XCRemoteSwiftPackageReference "swift-composable-architecture" */,
			);
			productRefGroup = 80D1FE152C85CCA0002D52DB /* Products */;
			projectDirPath = "";
			projectRoot = "";
			targets = (
				80D1FE132C85CCA0002D52DB /* ReqresApp */,
			);
		};
/* End PBXProject section */

/* Begin PBXResourcesBuildPhase section */
		80D1FE122C85CCA0002D52DB /* Resources */ = {
			isa = PBXResourcesBuildPhase;
			buildActionMask = 2147483647;
			files = (
				80D1FE1F2C85CCA2002D52DB /* Preview Assets.xcassets in Resources */,
				80D1FE1C2C85CCA2002D52DB /* Assets.xcassets in Resources */,
			);
			runOnlyForDeploymentPostprocessing = 0;
		};
/* End PBXResourcesBuildPhase section */

/* Begin PBXSourcesBuildPhase section */
		80D1FE102C85CCA0002D52DB /* Sources */ = {
			isa = PBXSourcesBuildPhase;
			buildActionMask = 2147483647;
			files = (
				80F94B7B2C85D0C500400F81 /* UserListView.swift in Sources */,
				80D1FE182C85CCA0002D52DB /* ReqresAppApp.swift in Sources */,
				80F94B772C85D08000400F81 /* User.swift in Sources */,
				80F94B792C85D0A200400F81 /* UserReducer.swift in Sources */,
			);
			runOnlyForDeploymentPostprocessing = 0;
		};
/* End PBXSourcesBuildPhase section */

/* Begin XCBuildConfiguration section */
		80D1FE202C85CCA2002D52DB /* Debug */ = {
			isa = XCBuildConfiguration;
			buildSettings = {
				ALWAYS_SEARCH_USER_PATHS = NO;
				ASSETCATALOG_COMPILER_GENERATE_SWIFT_ASSET_SYMBOL_EXTENSIONS = YES;
				CLANG_ANALYZER_NONNULL = YES;
				CLANG_ANALYZER_NUMBER_OBJECT_CONVERSION = YES_AGGRESSIVE;
				CLANG_CXX_LANGUAGE_STANDARD = "gnu++20";
				CLANG_ENABLE_MODULES = YES;
				CLANG_ENABLE_OBJC_ARC = YES;
				CLANG_ENABLE_OBJC_WEAK = YES;
				CLANG_WARN_BLOCK_CAPTURE_AUTORELEASING = YES;
				CLANG_WARN_BOOL_CONVERSION = YES;
				CLANG_WARN_COMMA = YES;
				CLANG_WARN_CONSTANT_CONVERSION = YES;
				CLANG_WARN_DEPRECATED_OBJC_IMPLEMENTATIONS = YES;
				CLANG_WARN_DIRECT_OBJC_ISA_USAGE = YES_ERROR;
				CLANG_WARN_DOCUMENTATION_COMMENTS = YES;
				CLANG_WARN_EMPTY_BODY = YES;
				CLANG_WARN_ENUM_CONVERSION = YES;
				CLANG_WARN_INFINITE_RECURSION = YES;
				CLANG_WARN_INT_CONVERSION = YES;
				CLANG_WARN_NON_LITERAL_NULL_CONVERSION = YES;
				CLANG_WARN_OBJC_IMPLICIT_RETAIN_SELF = YES;
				CLANG_WARN_OBJC_LITERAL_CONVERSION = YES;
				CLANG_WARN_OBJC_ROOT_CLASS = YES_ERROR;
				CLANG_WARN_QUOTED_INCLUDE_IN_FRAMEWORK_HEADER = YES;
				CLANG_WARN_RANGE_LOOP_ANALYSIS = YES;
				CLANG_WARN_STRICT_PROTOTYPES = YES;
				CLANG_WARN_SUSPICIOUS_MOVE = YES;
				CLANG_WARN_UNGUARDED_AVAILABILITY = YES_AGGRESSIVE;
				CLANG_WARN_UNREACHABLE_CODE = YES;
				CLANG_WARN__DUPLICATE_METHOD_MATCH = YES;
				COPY_PHASE_STRIP = NO;
				DEBUG_INFORMATION_FORMAT = dwarf;
				ENABLE_STRICT_OBJC_MSGSEND = YES;
				ENABLE_TESTABILITY = YES;
				ENABLE_USER_SCRIPT_SANDBOXING = YES;
				GCC_C_LANGUAGE_STANDARD = gnu17;
				GCC_DYNAMIC_NO_PIC = NO;
				GCC_NO_COMMON_BLOCKS = YES;
				GCC_OPTIMIZATION_LEVEL = 0;
				GCC_PREPROCESSOR_DEFINITIONS = (
					"DEBUG=1",
					"$(inherited)",
				);
				GCC_WARN_64_TO_32_BIT_CONVERSION = YES;
				GCC_WARN_ABOUT_RETURN_TYPE = YES_ERROR;
				GCC_WARN_UNDECLARED_SELECTOR = YES;
				GCC_WARN_UNINITIALIZED_AUTOS = YES_AGGRESSIVE;
				GCC_WARN_UNUSED_FUNCTION = YES;
				GCC_WARN_UNUSED_VARIABLE = YES;
				IPHONEOS_DEPLOYMENT_TARGET = 17.0;
				LOCALIZATION_PREFERS_STRING_CATALOGS = YES;
				MTL_ENABLE_DEBUG_INFO = INCLUDE_SOURCE;
				MTL_FAST_MATH = YES;
				ONLY_ACTIVE_ARCH = YES;
				SDKROOT = iphoneos;
				SWIFT_ACTIVE_COMPILATION_CONDITIONS = "DEBUG $(inherited)";
				SWIFT_OPTIMIZATION_LEVEL = "-Onone";
			};
			name = Debug;
		};
		80D1FE212C85CCA2002D52DB /* Release */ = {
			isa = XCBuildConfiguration;
			buildSettings = {
				ALWAYS_SEARCH_USER_PATHS = NO;
				ASSETCATALOG_COMPILER_GENERATE_SWIFT_ASSET_SYMBOL_EXTENSIONS = YES;
				CLANG_ANALYZER_NONNULL = YES;
				CLANG_ANALYZER_NUMBER_OBJECT_CONVERSION = YES_AGGRESSIVE;
				CLANG_CXX_LANGUAGE_STANDARD = "gnu++20";
				CLANG_ENABLE_MODULES = YES;
				CLANG_ENABLE_OBJC_ARC = YES;
				CLANG_ENABLE_OBJC_WEAK = YES;
				CLANG_WARN_BLOCK_CAPTURE_AUTORELEASING = YES;
				CLANG_WARN_BOOL_CONVERSION = YES;
				CLANG_WARN_COMMA = YES;
				CLANG_WARN_CONSTANT_CONVERSION = YES;
				CLANG_WARN_DEPRECATED_OBJC_IMPLEMENTATIONS = YES;
				CLANG_WARN_DIRECT_OBJC_ISA_USAGE = YES_ERROR;
				CLANG_WARN_DOCUMENTATION_COMMENTS = YES;
				CLANG_WARN_EMPTY_BODY = YES;
				CLANG_WARN_ENUM_CONVERSION = YES;
				CLANG_WARN_INFINITE_RECURSION = YES;
				CLANG_WARN_INT_CONVERSION = YES;
				CLANG_WARN_NON_LITERAL_NULL_CONVERSION = YES;
				CLANG_WARN_OBJC_IMPLICIT_RETAIN_SELF = YES;
				CLANG_WARN_OBJC_LITERAL_CONVERSION = YES;
				CLANG_WARN_OBJC_ROOT_CLASS = YES_ERROR;
				CLANG_WARN_QUOTED_INCLUDE_IN_FRAMEWORK_HEADER = YES;
				CLANG_WARN_RANGE_LOOP_ANALYSIS = YES;
				CLANG_WARN_STRICT_PROTOTYPES = YES;
				CLANG_WARN_SUSPICIOUS_MOVE = YES;
				CLANG_WARN_UNGUARDED_AVAILABILITY = YES_AGGRESSIVE;
				CLANG_WARN_UNREACHABLE_CODE = YES;
				CLANG_WARN__DUPLICATE_METHOD_MATCH = YES;
				COPY_PHASE_STRIP = NO;
				DEBUG_INFORMATION_FORMAT = "dwarf-with-dsym";
				ENABLE_NS_ASSERTIONS = NO;
				ENABLE_STRICT_OBJC_MSGSEND = YES;
				ENABLE_USER_SCRIPT_SANDBOXING = YES;
				GCC_C_LANGUAGE_STANDARD = gnu17;
				GCC_NO_COMMON_BLOCKS = YES;
				GCC_WARN_64_TO_32_BIT_CONVERSION = YES;
				GCC_WARN_ABOUT_RETURN_TYPE = YES_ERROR;
				GCC_WARN_UNDECLARED_SELECTOR = YES;
				GCC_WARN_UNINITIALIZED_AUTOS = YES_AGGRESSIVE;
				GCC_WARN_UNUSED_FUNCTION = YES;
				GCC_WARN_UNUSED_VARIABLE = YES;
				IPHONEOS_DEPLOYMENT_TARGET = 17.0;
				LOCALIZATION_PREFERS_STRING_CATALOGS = YES;
				MTL_ENABLE_DEBUG_INFO = NO;
				MTL_FAST_MATH = YES;
				SDKROOT = iphoneos;
				SWIFT_COMPILATION_MODE = wholemodule;
				VALIDATE_PRODUCT = YES;
			};
			name = Release;
		};
		80D1FE232C85CCA2002D52DB /* Debug */ = {
			isa = XCBuildConfiguration;
			buildSettings = {
				ASSETCATALOG_COMPILER_APPICON_NAME = AppIcon;
				ASSETCATALOG_COMPILER_GLOBAL_ACCENT_COLOR_NAME = AccentColor;
				CODE_SIGN_STYLE = Automatic;
				CURRENT_PROJECT_VERSION = 1;
				DEVELOPMENT_ASSET_PATHS = "\"ReqresApp/Preview Content\"";
				ENABLE_PREVIEWS = YES;
				GENERATE_INFOPLIST_FILE = YES;
				INFOPLIST_KEY_UIApplicationSceneManifest_Generation = YES;
				INFOPLIST_KEY_UIApplicationSupportsIndirectInputEvents = YES;
				INFOPLIST_KEY_UILaunchScreen_Generation = YES;
				INFOPLIST_KEY_UISupportedInterfaceOrientations_iPad = "UIInterfaceOrientationPortrait UIInterfaceOrientationPortraitUpsideDown UIInterfaceOrientationLandscapeLeft UIInterfaceOrientationLandscapeRight";
				INFOPLIST_KEY_UISupportedInterfaceOrientations_iPhone = "UIInterfaceOrientationPortrait UIInterfaceOrientationLandscapeLeft UIInterfaceOrientationLandscapeRight";
				LD_RUNPATH_SEARCH_PATHS = (
					"$(inherited)",
					"@executable_path/Frameworks",
				);
				MARKETING_VERSION = 1.0;
				PRODUCT_BUNDLE_IDENTIFIER = com.hermann.app.ReqresApp;
				PRODUCT_NAME = "$(TARGET_NAME)";
				SWIFT_EMIT_LOC_STRINGS = YES;
				SWIFT_VERSION = 5.0;
				TARGETED_DEVICE_FAMILY = "1,2";
			};
			name = Debug;
		};
		80D1FE242C85CCA2002D52DB /* Release */ = {
			isa = XCBuildConfiguration;
			buildSettings = {
				ASSETCATALOG_COMPILER_APPICON_NAME = AppIcon;
				ASSETCATALOG_COMPILER_GLOBAL_ACCENT_COLOR_NAME = AccentColor;
				CODE_SIGN_STYLE = Automatic;
				CURRENT_PROJECT_VERSION = 1;
				DEVELOPMENT_ASSET_PATHS = "\"ReqresApp/Preview Content\"";
				ENABLE_PREVIEWS = YES;
				GENERATE_INFOPLIST_FILE = YES;
				INFOPLIST_KEY_UIApplicationSceneManifest_Generation = YES;
				INFOPLIST_KEY_UIApplicationSupportsIndirectInputEvents = YES;
				INFOPLIST_KEY_UILaunchScreen_Generation = YES;
				INFOPLIST_KEY_UISupportedInterfaceOrientations_iPad = "UIInterfaceOrientationPortrait UIInterfaceOrientationPortraitUpsideDown UIInterfaceOrientationLandscapeLeft UIInterfaceOrientationLandscapeRight";
				INFOPLIST_KEY_UISupportedInterfaceOrientations_iPhone = "UIInterfaceOrientationPortrait UIInterfaceOrientationLandscapeLeft UIInterfaceOrientationLandscapeRight";
				LD_RUNPATH_SEARCH_PATHS = (
					"$(inherited)",
					"@executable_path/Frameworks",
				);
				MARKETING_VERSION = 1.0;
				PRODUCT_BUNDLE_IDENTIFIER = com.hermann.app.ReqresApp;
				PRODUCT_NAME = "$(TARGET_NAME)";
				SWIFT_EMIT_LOC_STRINGS = YES;
				SWIFT_VERSION = 5.0;
				TARGETED_DEVICE_FAMILY = "1,2";
			};
			name = Release;
		};
/* End XCBuildConfiguration section */

/* Begin XCConfigurationList section */
		80D1FE0F2C85CCA0002D52DB /* Build configuration list for PBXProject "ReqresApp" */ = {
			isa = XCConfigurationList;
			buildConfigurations = (
				80D1FE202C85CCA2002D52DB /* Debug */,
				80D1FE212C85CCA2002D52DB /* Release */,
			);
			defaultConfigurationIsVisible = 0;
			defaultConfigurationName = Release;
		};
		80D1FE222C85CCA2002D52DB /* Build configuration list for PBXNativeTarget "ReqresApp" */ = {
			isa = XCConfigurationList;
			buildConfigurations = (
				80D1FE232C85CCA2002D52DB /* Debug */,
				80D1FE242C85CCA2002D52DB /* Release */,
			);
			defaultConfigurationIsVisible = 0;
			defaultConfigurationName = Release;
		};
/* End XCConfigurationList section */

/* Begin XCRemoteSwiftPackageReference section */
		80F94B732C85CFB900400F81 /* XCRemoteSwiftPackageReference "swift-composable-architecture" */ = {
			isa = XCRemoteSwiftPackageReference;
			repositoryURL = "https://github.com/pointfreeco/swift-composable-architecture";
			requirement = {
				kind = upToNextMajorVersion;
				minimumVersion = 1.14.0;
			};
		};
/* End XCRemoteSwiftPackageReference section */

/* Begin XCSwiftPackageProductDependency section */
		80F94B742C85CFBA00400F81 /* ComposableArchitecture */ = {
			isa = XCSwiftPackageProductDependency;
			package = 80F94B732C85CFB900400F81 /* XCRemoteSwiftPackageReference "swift-composable-architecture" */;
			productName = ComposableArchitecture;
		};
		80F94B7C2C85DFDF00400F81 /* ComposableArchitecture */ = {
			isa = XCSwiftPackageProductDependency;
			package = 80F94B732C85CFB900400F81 /* XCRemoteSwiftPackageReference "swift-composable-architecture" */;
			productName = ComposableArchitecture;
		};
		80F94B7E2C85E07000400F81 /* ComposableArchitecture */ = {
			isa = XCSwiftPackageProductDependency;
			package = 80F94B732C85CFB900400F81 /* XCRemoteSwiftPackageReference "swift-composable-architecture" */;
			productName = ComposableArchitecture;
		};
/* End XCSwiftPackageProductDependency section */
	};
	rootObject = 80D1FE0C2C85CCA0002D52DB /* Project object */;
}
